// !$*UTF8*$!
{
	archiveVersion = 1;
	classes = {
	};
	objectVersion = 46;
	objects = {

/* Begin PBXBuildFile section */
		8ED8CACB1ED28AF40092383B /* AppDelegate.swift in Sources */ = {isa = PBXBuildFile; fileRef = 8ED8CACA1ED28AF40092383B /* AppDelegate.swift */; };
		8ED8CACD1ED28AF40092383B /* ViewController.swift in Sources */ = {isa = PBXBuildFile; fileRef = 8ED8CACC1ED28AF40092383B /* ViewController.swift */; };
		8ED8CAD01ED28AF40092383B /* Main.storyboard in Resources */ = {isa = PBXBuildFile; fileRef = 8ED8CACE1ED28AF40092383B /* Main.storyboard */; };
		8ED8CAD21ED28AF40092383B /* Assets.xcassets in Resources */ = {isa = PBXBuildFile; fileRef = 8ED8CAD11ED28AF40092383B /* Assets.xcassets */; };
		8ED8CAD51ED28AF40092383B /* LaunchScreen.storyboard in Resources */ = {isa = PBXBuildFile; fileRef = 8ED8CAD31ED28AF40092383B /* LaunchScreen.storyboard */; };
		8ED8CAE01ED28AF40092383B /* qwaTests.swift in Sources */ = {isa = PBXBuildFile; fileRef = 8ED8CADF1ED28AF40092383B /* qwaTests.swift */; };
		8ED8CAEB1ED28AF40092383B /* qwaUITests.swift in Sources */ = {isa = PBXBuildFile; fileRef = 8ED8CAEA1ED28AF40092383B /* qwaUITests.swift */; };
		8ED8CAF91ED293D00092383B /* center.jpeg in Resources */ = {isa = PBXBuildFile; fileRef = 8ED8CAF81ED293D00092383B /* center.jpeg */; };
/* End PBXBuildFile section */

/* Begin PBXContainerItemProxy section */
		8ED8CADC1ED28AF40092383B /* PBXContainerItemProxy */ = {
			isa = PBXContainerItemProxy;
			containerPortal = 8ED8CABF1ED28AF40092383B /* Project object */;
			proxyType = 1;
			remoteGlobalIDString = 8ED8CAC61ED28AF40092383B;
			remoteInfo = qwa;
		};
		8ED8CAE71ED28AF40092383B /* PBXContainerItemProxy */ = {
			isa = PBXContainerItemProxy;
			containerPortal = 8ED8CABF1ED28AF40092383B /* Project object */;
			proxyType = 1;
			remoteGlobalIDString = 8ED8CAC61ED28AF40092383B;
			remoteInfo = qwa;
		};
/* End PBXContainerItemProxy section */

/* Begin PBXFileReference section */
		8ED8CAC71ED28AF40092383B /* qwa.app */ = {isa = PBXFileReference; explicitFileType = wrapper.application; includeInIndex = 0; path = qwa.app; sourceTree = BUILT_PRODUCTS_DIR; };
		8ED8CACA1ED28AF40092383B /* AppDelegate.swift */ = {isa = PBXFileReference; lastKnownFileType = sourcecode.swift; path = AppDelegate.swift; sourceTree = "<group>"; };
		8ED8CACC1ED28AF40092383B /* ViewController.swift */ = {isa = PBXFileReference; lastKnownFileType = sourcecode.swift; path = ViewController.swift; sourceTree = "<group>"; };
		8ED8CACF1ED28AF40092383B /* Base */ = {isa = PBXFileReference; lastKnownFileType = file.storyboard; name = Base; path = Base.lproj/Main.storyboard; sourceTree = "<group>"; };
		8ED8CAD11ED28AF40092383B /* Assets.xcassets */ = {isa = PBXFileReference; lastKnownFileType = folder.assetcatalog; path = Assets.xcassets; sourceTree = "<group>"; };
		8ED8CAD41ED28AF40092383B /* Base */ = {isa = PBXFileReference; lastKnownFileType = file.storyboard; name = Base; path = Base.lproj/LaunchScreen.storyboard; sourceTree = "<group>"; };
		8ED8CAD61ED28AF40092383B /* Info.plist */ = {isa = PBXFileReference; lastKnownFileType = text.plist.xml; path = Info.plist; sourceTree = "<group>"; };
		8ED8CADB1ED28AF40092383B /* qwaTests.xctest */ = {isa = PBXFileReference; explicitFileType = wrapper.cfbundle; includeInIndex = 0; path = qwaTests.xctest; sourceTree = BUILT_PRODUCTS_DIR; };
		8ED8CADF1ED28AF40092383B /* qwaTests.swift */ = {isa = PBXFileReference; lastKnownFileType = sourcecode.swift; path = qwaTests.swift; sourceTree = "<group>"; };
		8ED8CAE11ED28AF40092383B /* Info.plist */ = {isa = PBXFileReference; lastKnownFileType = text.plist.xml; path = Info.plist; sourceTree = "<group>"; };
		8ED8CAE61ED28AF40092383B /* qwaUITests.xctest */ = {isa = PBXFileReference; explicitFileType = wrapper.cfbundle; includeInIndex = 0; path = qwaUITests.xctest; sourceTree = BUILT_PRODUCTS_DIR; };
		8ED8CAEA1ED28AF40092383B /* qwaUITests.swift */ = {isa = PBXFileReference; lastKnownFileType = sourcecode.swift; path = qwaUITests.swift; sourceTree = "<group>"; };
		8ED8CAEC1ED28AF40092383B /* Info.plist */ = {isa = PBXFileReference; lastKnownFileType = text.plist.xml; path = Info.plist; sourceTree = "<group>"; };
		8ED8CAF81ED293D00092383B /* center.jpeg */ = {isa = PBXFileReference; lastKnownFileType = image.jpeg; path = center.jpeg; sourceTree = "<group>"; };
/* End PBXFileReference section */

/* Begin PBXFrameworksBuildPhase section */
		8ED8CAC41ED28AF40092383B /* Frameworks */ = {
			isa = PBXFrameworksBuildPhase;
			buildActionMask = 2147483647;
			files = (
			);
			runOnlyForDeploymentPostprocessing = 0;
		};
		8ED8CAD81ED28AF40092383B /* Frameworks */ = {
			isa = PBXFrameworksBuildPhase;
			buildActionMask = 2147483647;
			files = (
			);
			runOnlyForDeploymentPostprocessing = 0;
		};
		8ED8CAE31ED28AF40092383B /* Frameworks */ = {
			isa = PBXFrameworksBuildPhase;
			buildActionMask = 2147483647;
			files = (
			);
			runOnlyForDeploymentPostprocessing = 0;
		};
/* End PBXFrameworksBuildPhase section */

/* Begin PBXGroup section */
		8ED8CABE1ED28AF40092383B = {
			isa = PBXGroup;
			children = (
				8ED8CAC91ED28AF40092383B /* qwa */,
				8ED8CADE1ED28AF40092383B /* qwaTests */,
				8ED8CAE91ED28AF40092383B /* qwaUITests */,
				8ED8CAC81ED28AF40092383B /* Products */,
			);
			sourceTree = "<group>";
		};
		8ED8CAC81ED28AF40092383B /* Products */ = {
			isa = PBXGroup;
			children = (
				8ED8CAC71ED28AF40092383B /* qwa.app */,
				8ED8CADB1ED28AF40092383B /* qwaTests.xctest */,
				8ED8CAE61ED28AF40092383B /* qwaUITests.xctest */,
			);
			name = Products;
			sourceTree = "<group>";
		};
		8ED8CAC91ED28AF40092383B /* qwa */ = {
			isa = PBXGroup;
			children = (
				8ED8CAF81ED293D00092383B /* center.jpeg */,
				8ED8CACA1ED28AF40092383B /* AppDelegate.swift */,
				8ED8CACC1ED28AF40092383B /* ViewController.swift */,
				8ED8CACE1ED28AF40092383B /* Main.storyboard */,
				8ED8CAD11ED28AF40092383B /* Assets.xcassets */,
				8ED8CAD31ED28AF40092383B /* LaunchScreen.storyboard */,
				8ED8CAD61ED28AF40092383B /* Info.plist */,
			);
			path = qwa;
			sourceTree = "<group>";
		};
		8ED8CADE1ED28AF40092383B /* qwaTests */ = {
			isa = PBXGroup;
			children = (
				8ED8CADF1ED28AF40092383B /* qwaTests.swift */,
				8ED8CAE11ED28AF40092383B /* Info.plist */,
			);
			path = qwaTests;
			sourceTree = "<group>";
		};
		8ED8CAE91ED28AF40092383B /* qwaUITests */ = {
			isa = PBXGroup;
			children = (
				8ED8CAEA1ED28AF40092383B /* qwaUITests.swift */,
				8ED8CAEC1ED28AF40092383B /* Info.plist */,
			);
			path = qwaUITests;
			sourceTree = "<group>";
		};
/* End PBXGroup section */

/* Begin PBXNativeTarget section */
		8ED8CAC61ED28AF40092383B /* qwa */ = {
			isa = PBXNativeTarget;
			buildConfigurationList = 8ED8CAEF1ED28AF40092383B /* Build configuration list for PBXNativeTarget "qwa" */;
			buildPhases = (
				8ED8CAC31ED28AF40092383B /* Sources */,
				8ED8CAC41ED28AF40092383B /* Frameworks */,
				8ED8CAC51ED28AF40092383B /* Resources */,
			);
			buildRules = (
			);
			dependencies = (
			);
			name = qwa;
			productName = qwa;
			productReference = 8ED8CAC71ED28AF40092383B /* qwa.app */;
			productType = "com.apple.product-type.application";
		};
		8ED8CADA1ED28AF40092383B /* qwaTests */ = {
			isa = PBXNativeTarget;
			buildConfigurationList = 8ED8CAF21ED28AF40092383B /* Build configuration list for PBXNativeTarget "qwaTests" */;
			buildPhases = (
				8ED8CAD71ED28AF40092383B /* Sources */,
				8ED8CAD81ED28AF40092383B /* Frameworks */,
				8ED8CAD91ED28AF40092383B /* Resources */,
			);
			buildRules = (
			);
			dependencies = (
				8ED8CADD1ED28AF40092383B /* PBXTargetDependency */,
			);
			name = qwaTests;
			productName = qwaTests;
			productReference = 8ED8CADB1ED28AF40092383B /* qwaTests.xctest */;
			productType = "com.apple.product-type.bundle.unit-test";
		};
		8ED8CAE51ED28AF40092383B /* qwaUITests */ = {
			isa = PBXNativeTarget;
			buildConfigurationList = 8ED8CAF51ED28AF40092383B /* Build configuration list for PBXNativeTarget "qwaUITests" */;
			buildPhases = (
				8ED8CAE21ED28AF40092383B /* Sources */,
				8ED8CAE31ED28AF40092383B /* Frameworks */,
				8ED8CAE41ED28AF40092383B /* Resources */,
			);
			buildRules = (
			);
			dependencies = (
				8ED8CAE81ED28AF40092383B /* PBXTargetDependency */,
			);
			name = qwaUITests;
			productName = qwaUITests;
			productReference = 8ED8CAE61ED28AF40092383B /* qwaUITests.xctest */;
			productType = "com.apple.product-type.bundle.ui-testing";
		};
/* End PBXNativeTarget section */

/* Begin PBXProject section */
		8ED8CABF1ED28AF40092383B /* Project object */ = {
			isa = PBXProject;
			attributes = {
				LastSwiftUpdateCheck = 0820;
				LastUpgradeCheck = 0820;
				ORGANIZATIONNAME = s20151104703;
				TargetAttributes = {
					8ED8CAC61ED28AF40092383B = {
						CreatedOnToolsVersion = 8.2.1;
						ProvisioningStyle = Automatic;
					};
					8ED8CADA1ED28AF40092383B = {
						CreatedOnToolsVersion = 8.2.1;
						ProvisioningStyle = Automatic;
						TestTargetID = 8ED8CAC61ED28AF40092383B;
					};
					8ED8CAE51ED28AF40092383B = {
						CreatedOnToolsVersion = 8.2.1;
						ProvisioningStyle = Automatic;
						TestTargetID = 8ED8CAC61ED28AF40092383B;
					};
				};
			};
			buildConfigurationList = 8ED8CAC21ED28AF40092383B /* Build configuration list for PBXProject "qwa" */;
			compatibilityVersion = "Xcode 3.2";
			developmentRegion = English;
			hasScannedForEncodings = 0;
			knownRegions = (
				en,
				Base,
			);
			mainGroup = 8ED8CABE1ED28AF40092383B;
			productRefGroup = 8ED8CAC81ED28AF40092383B /* Products */;
			projectDirPath = "";
			projectRoot = "";
			targets = (
				8ED8CAC61ED28AF40092383B /* qwa */,
				8ED8CADA1ED28AF40092383B /* qwaTests */,
				8ED8CAE51ED28AF40092383B /* qwaUITests */,
			);
		};
/* End PBXProject section */

/* Begin PBXResourcesBuildPhase section */
		8ED8CAC51ED28AF40092383B /* Resources */ = {
			isa = PBXResourcesBuildPhase;
			buildActionMask = 2147483647;
			files = (
				8ED8CAF91ED293D00092383B /* center.jpeg in Resources */,
				8ED8CAD51ED28AF40092383B /* LaunchScreen.storyboard in Resources */,
				8ED8CAD21ED28AF40092383B /* Assets.xcassets in Resources */,
				8ED8CAD01ED28AF40092383B /* Main.storyboard in Resources */,
			);
			runOnlyForDeploymentPostprocessing = 0;
		};
		8ED8CAD91ED28AF40092383B /* Resources */ = {
			isa = PBXResourcesBuildPhase;
			buildActionMask = 2147483647;
			files = (
			);
			runOnlyForDeploymentPostprocessing = 0;
		};
		8ED8CAE41ED28AF40092383B /* Resources */ = {
			isa = PBXResourcesBuildPhase;
			buildActionMask = 2147483647;
			files = (
			);
			runOnlyForDeploymentPostprocessing = 0;
		};
/* End PBXResourcesBuildPhase section */

/* Begin PBXSourcesBuildPhase section */
		8ED8CAC31ED28AF40092383B /* Sources */ = {
			isa = PBXSourcesBuildPhase;
			buildActionMask = 2147483647;
			files = (
				8ED8CACD1ED28AF40092383B /* ViewController.swift in Sources */,
				8ED8CACB1ED28AF40092383B /* AppDelegate.swift in Sources */,
			);
			runOnlyForDeploymentPostprocessing = 0;
		};
		8ED8CAD71ED28AF40092383B /* Sources */ = {
			isa = PBXSourcesBuildPhase;
			buildActionMask = 2147483647;
			files = (
				8ED8CAE01ED28AF40092383B /* qwaTests.swift in Sources */,
			);
			runOnlyForDeploymentPostprocessing = 0;
		};
		8ED8CAE21ED28AF40092383B /* Sources */ = {
			isa = PBXSourcesBuildPhase;
			buildActionMask = 2147483647;
			files = (
				8ED8CAEB1ED28AF40092383B /* qwaUITests.swift in Sources */,
			);
			runOnlyForDeploymentPostprocessing = 0;
		};
/* End PBXSourcesBuildPhase section */

/* Begin PBXTargetDependency section */
		8ED8CADD1ED28AF40092383B /* PBXTargetDependency */ = {
			isa = PBXTargetDependency;
			target = 8ED8CAC61ED28AF40092383B /* qwa */;
			targetProxy = 8ED8CADC1ED28AF40092383B /* PBXContainerItemProxy */;
		};
		8ED8CAE81ED28AF40092383B /* PBXTargetDependency */ = {
			isa = PBXTargetDependency;
			target = 8ED8CAC61ED28AF40092383B /* qwa */;
			targetProxy = 8ED8CAE71ED28AF40092383B /* PBXContainerItemProxy */;
		};
/* End PBXTargetDependency section */

/* Begin PBXVariantGroup section */
		8ED8CACE1ED28AF40092383B /* Main.storyboard */ = {
			isa = PBXVariantGroup;
			children = (
				8ED8CACF1ED28AF40092383B /* Base */,
			);
			name = Main.storyboard;
			sourceTree = "<group>";
		};
		8ED8CAD31ED28AF40092383B /* LaunchScreen.storyboard */ = {
			isa = PBXVariantGroup;
			children = (
				8ED8CAD41ED28AF40092383B /* Base */,
			);
			name = LaunchScreen.storyboard;
			sourceTree = "<group>";
		};
/* End PBXVariantGroup section */

/* Begin XCBuildConfiguration section */
		8ED8CAED1ED28AF40092383B /* Debug */ = {
			isa = XCBuildConfiguration;
			buildSettings = {
				ALWAYS_SEARCH_USER_PATHS = NO;
				CLANG_ANALYZER_NONNULL = YES;
				CLANG_CXX_LANGUAGE_STANDARD = "gnu++0x";
				CLANG_CXX_LIBRARY = "libc++";
				CLANG_ENABLE_MODULES = YES;
				CLANG_ENABLE_OBJC_ARC = YES;
				CLANG_WARN_BOOL_CONVERSION = YES;
				CLANG_WARN_CONSTANT_CONVERSION = YES;
				CLANG_WARN_DIRECT_OBJC_ISA_USAGE = YES_ERROR;
				CLANG_WARN_DOCUMENTATION_COMMENTS = YES;
				CLANG_WARN_EMPTY_BODY = YES;
				CLANG_WARN_ENUM_CONVERSION = YES;
				CLANG_WARN_INFINITE_RECURSION = YES;
				CLANG_WARN_INT_CONVERSION = YES;
				CLANG_WARN_OBJC_ROOT_CLASS = YES_ERROR;
				CLANG_WARN_SUSPICIOUS_MOVE = YES;
				CLANG_WARN_UNREACHABLE_CODE = YES;
				CLANG_WARN__DUPLICATE_METHOD_MATCH = YES;
				"CODE_SIGN_IDENTITY[sdk=iphoneos*]" = "iPhone Developer";
				COPY_PHASE_STRIP = NO;
				DEBUG_INFORMATION_FORMAT = dwarf;
				ENABLE_STRICT_OBJC_MSGSEND = YES;
				ENABLE_TESTABILITY = YES;
				GCC_C_LANGUAGE_STANDARD = gnu99;
				GCC_DYNAMIC_NO_PIC = NO;
				GCC_NO_COMMON_BLOCKS = YES;
				GCC_OPTIMIZATION_LEVEL = 0;
				GCC_PREPROCESSOR_DEFINITIONS = (
					"DEBUG=1",
					"$(inherited)",
				);
				GCC_WARN_64_TO_32_BIT_CONVERSION = YES;
				GCC_WARN_ABOUT_RETURN_TYPE = YES_ERROR;
				GCC_WARN_UNDECLARED_SELECTOR = YES;
				GCC_WARN_UNINITIALIZED_AUTOS = YES_AGGRESSIVE;
				GCC_WARN_UNUSED_FUNCTION = YES;
				GCC_WARN_UNUSED_VARIABLE = YES;
				IPHONEOS_DEPLOYMENT_TARGET = 10.2;
				MTL_ENABLE_DEBUG_INFO = YES;
				ONLY_ACTIVE_ARCH = YES;
				SDKROOT = iphoneos;
				SWIFT_ACTIVE_COMPILATION_CONDITIONS = DEBUG;
				SWIFT_OPTIMIZATION_LEVEL = "-Onone";
				TARGETED_DEVICE_FAMILY = "1,2";
			};
			name = Debug;
		};
		8ED8CAEE1ED28AF40092383B /* Release */ = {
			isa = XCBuildConfiguration;
			buildSettings = {
				ALWAYS_SEARCH_USER_PATHS = NO;
				CLANG_ANALYZER_NONNULL = YES;
				CLANG_CXX_LANGUAGE_STANDARD = "gnu++0x";
				CLANG_CXX_LIBRARY = "libc++";
				CLANG_ENABLE_MODULES = YES;
				CLANG_ENABLE_OBJC_ARC = YES;
				CLANG_WARN_BOOL_CONVERSION = YES;
				CLANG_WARN_CONSTANT_CONVERSION = YES;
				CLANG_WARN_DIRECT_OBJC_ISA_USAGE = YES_ERROR;
				CLANG_WARN_DOCUMENTATION_COMMENTS = YES;
				CLANG_WARN_EMPTY_BODY = YES;
				CLANG_WARN_ENUM_CONVERSION = YES;
				CLANG_WARN_INFINITE_RECURSION = YES;
				CLANG_WARN_INT_CONVERSION = YES;
				CLANG_WARN_OBJC_ROOT_CLASS = YES_ERROR;
				CLANG_WARN_SUSPICIOUS_MOVE = YES;
				CLANG_WARN_UNREACHABLE_CODE = YES;
				CLANG_WARN__DUPLICATE_METHOD_MATCH = YES;
				"CODE_SIGN_IDENTITY[sdk=iphoneos*]" = "iPhone Developer";
				COPY_PHASE_STRIP = NO;
				DEBUG_INFORMATION_FORMAT = "dwarf-with-dsym";
				ENABLE_NS_ASSERTIONS = NO;
				ENABLE_STRICT_OBJC_MSGSEND = YES;
				GCC_C_LANGUAGE_STANDARD = gnu99;
				GCC_NO_COMMON_BLOCKS = YES;
				GCC_WARN_64_TO_32_BIT_CONVERSION = YES;
				GCC_WARN_ABOUT_RETURN_TYPE = YES_ERROR;
				GCC_WARN_UNDECLARED_SELECTOR = YES;
				GCC_WARN_UNINITIALIZED_AUTOS = YES_AGGRESSIVE;
				GCC_WARN_UNUSED_FUNCTION = YES;
				GCC_WARN_UNUSED_VARIABLE = YES;
				IPHONEOS_DEPLOYMENT_TARGET = 10.2;
				MTL_ENABLE_DEBUG_INFO = NO;
				SDKROOT = iphoneos;
				SWIFT_OPTIMIZATION_LEVEL = "-Owholemodule";
				TARGETED_DEVICE_FAMILY = "1,2";
				VALIDATE_PRODUCT = YES;
			};
			name = Release;
		};
		8ED8CAF01ED28AF40092383B /* Debug */ = {
			isa = XCBuildConfiguration;
			buildSettings = {
				ASSETCATALOG_COMPILER_APPICON_NAME = AppIcon;
				INFOPLIST_FILE = qwa/Info.plist;
				LD_RUNPATH_SEARCH_PATHS = "$(inherited) @executable_path/Frameworks";
				PRODUCT_BUNDLE_IDENTIFIER = imnu.edu.cn.qwa;
				PRODUCT_NAME = "$(TARGET_NAME)";
				SWIFT_VERSION = 3.0;
			};
			name = Debug;
		};
		8ED8CAF11ED28AF40092383B /* Release */ = {
			isa = XCBuildConfiguration;
			buildSettings = {
				ASSETCATALOG_COMPILER_APPICON_NAME = AppIcon;
				INFOPLIST_FILE = qwa/Info.plist;
				LD_RUNPATH_SEARCH_PATHS = "$(inherited) @executable_path/Frameworks";
				PRODUCT_BUNDLE_IDENTIFIER = imnu.edu.cn.qwa;
				PRODUCT_NAME = "$(TARGET_NAME)";
				SWIFT_VERSION = 3.0;
			};
			name = Release;
		};
		8ED8CAF31ED28AF40092383B /* Debug */ = {
			isa = XCBuildConfiguration;
			buildSettings = {
				ALWAYS_EMBED_SWIFT_STANDARD_LIBRARIES = YES;
				BUNDLE_LOADER = "$(TEST_HOST)";
				INFOPLIST_FILE = qwaTests/Info.plist;
				LD_RUNPATH_SEARCH_PATHS = "$(inherited) @executable_path/Frameworks @loader_path/Frameworks";
				PRODUCT_BUNDLE_IDENTIFIER = imnu.edu.cn.qwaTests;
				PRODUCT_NAME = "$(TARGET_NAME)";
				SWIFT_VERSION = 3.0;
				TEST_HOST = "$(BUILT_PRODUCTS_DIR)/qwa.app/qwa";
			};
			name = Debug;
		};
		8ED8CAF41ED28AF40092383B /* Release */ = {
			isa = XCBuildConfiguration;
			buildSettings = {
				ALWAYS_EMBED_SWIFT_STANDARD_LIBRARIES = YES;
				BUNDLE_LOADER = "$(TEST_HOST)";
				INFOPLIST_FILE = qwaTests/Info.plist;
				LD_RUNPATH_SEARCH_PATHS = "$(inherited) @executable_path/Frameworks @loader_path/Frameworks";
				PRODUCT_BUNDLE_IDENTIFIER = imnu.edu.cn.qwaTests;
				PRODUCT_NAME = "$(TARGET_NAME)";
				SWIFT_VERSION = 3.0;
				TEST_HOST = "$(BUILT_PRODUCTS_DIR)/qwa.app/qwa";
			};
			name = Release;
		};
		8ED8CAF61ED28AF40092383B /* Debug */ = {
			isa = XCBuildConfiguration;
			buildSettings = {
				ALWAYS_EMBED_SWIFT_STANDARD_LIBRARIES = YES;
				INFOPLIST_FILE = qwaUITests/Info.plist;
				LD_RUNPATH_SEARCH_PATHS = "$(inherited) @executable_path/Frameworks @loader_path/Frameworks";
				PRODUCT_BUNDLE_IDENTIFIER = imnu.edu.cn.qwaUITests;
				PRODUCT_NAME = "$(TARGET_NAME)";
				SWIFT_VERSION = 3.0;
				TEST_TARGET_NAME = qwa;
			};
			name = Debug;
		};
		8ED8CAF71ED28AF40092383B /* Release */ = {
			isa = XCBuildConfiguration;
			buildSettings = {
				ALWAYS_EMBED_SWIFT_STANDARD_LIBRARIES = YES;
				INFOPLIST_FILE = qwaUITests/Info.plist;
				LD_RUNPATH_SEARCH_PATHS = "$(inherited) @executable_path/Frameworks @loader_path/Frameworks";
				PRODUCT_BUNDLE_IDENTIFIER = imnu.edu.cn.qwaUITests;
				PRODUCT_NAME = "$(TARGET_NAME)";
				SWIFT_VERSION = 3.0;
				TEST_TARGET_NAME = qwa;
			};
			name = Release;
		};
/* End XCBuildConfiguration section */

/* Begin XCConfigurationList section */
		8ED8CAC21ED28AF40092383B /* Build configuration list for PBXProject "qwa" */ = {
			isa = XCConfigurationList;
			buildConfigurations = (
				8ED8CAED1ED28AF40092383B /* Debug */,
				8ED8CAEE1ED28AF40092383B /* Release */,
			);
			defaultConfigurationIsVisible = 0;
			defaultConfigurationName = Release;
		};
		8ED8CAEF1ED28AF40092383B /* Build configuration list for PBXNativeTarget "qwa" */ = {
			isa = XCConfigurationList;
			buildConfigurations = (
				8ED8CAF01ED28AF40092383B /* Debug */,
				8ED8CAF11ED28AF40092383B /* Release */,
			);
			defaultConfigurationIsVisible = 0;
		};
		8ED8CAF21ED28AF40092383B /* Build configuration list for PBXNativeTarget "qwaTests" */ = {
			isa = XCConfigurationList;
			buildConfigurations = (
				8ED8CAF31ED28AF40092383B /* Debug */,
				8ED8CAF41ED28AF40092383B /* Release */,
			);
			defaultConfigurationIsVisible = 0;
		};
		8ED8CAF51ED28AF40092383B /* Build configuration list for PBXNativeTarget "qwaUITests" */ = {
			isa = XCConfigurationList;
			buildConfigurations = (
				8ED8CAF61ED28AF40092383B /* Debug */,
				8ED8CAF71ED28AF40092383B /* Release */,
			);
			defaultConfigurationIsVisible = 0;
		};
/* End XCConfigurationList section */
	};
	rootObject = 8ED8CABF1ED28AF40092383B /* Project object */;
}
